
Microsoft Visual Studio Solution File, Format Version 12.00
# Visual Studio Version 17
VisualStudioVersion = 17.10.35122.118
MinimumVisualStudioVersion = 10.0.40219.1
Project("{9A19103F-16F7-4668-BE54-9A1E7A4F7556}") = "Core_Proje", "Core_Proje\Core_Proje.csproj", "{7147BC76-B885-4743-9DC8-333A8F9898E7}"
EndProject
Project("{9A19103F-16F7-4668-BE54-9A1E7A4F7556}") = "BusinessLayer", "BusinessLayer\BusinessLayer.csproj", "{CBF70180-7873-4032-94FA-724EE541FA01}"
EndProject
Project("{9A19103F-16F7-4668-BE54-9A1E7A4F7556}") = "DataAccessLayer", "DataAccessLayer\DataAccessLayer.csproj", "{59748D24-AFD9-4F66-A602-93278FB3F2C4}"
EndProject
Project("{9A19103F-16F7-4668-BE54-9A1E7A4F7556}") = "EntityLayer", "EntityLayer\EntityLayer.csproj", "{006179DB-0314-487A-9CCC-62F9BDCFC1B4}"
EndProject
Global
	GlobalSection(SolutionConfigurationPlatforms) = preSolution
		Debug|Any CPU = Debug|Any CPU
		Release|Any CPU = Release|Any CPU
	EndGlobalSection
	GlobalSection(ProjectConfigurationPlatforms) = postSolution
		{7147BC76-B885-4743-9DC8-333A8F9898E7}.Debug|Any CPU.ActiveCfg = Debug|Any CPU
		{7147BC76-B885-4743-9DC8-333A8F9898E7}.Debug|Any CPU.Build.0 = Debug|Any CPU
		{7147BC76-B885-4743-9DC8-333A8F9898E7}.Release|Any CPU.ActiveCfg = Release|Any CPU
		{7147BC76-B885-4743-9DC8-333A8F9898E7}.Release|Any CPU.Build.0 = Release|Any CPU
		{CBF70180-7873-4032-94FA-724EE541FA01}.Debug|Any CPU.ActiveCfg = Debug|Any CPU
		{CBF70180-7873-4032-94FA-724EE541FA01}.Debug|Any CPU.Build.0 = Debug|Any CPU
		{CBF70180-7873-4032-94FA-724EE541FA01}.Release|Any CPU.ActiveCfg = Release|Any CPU
		{CBF70180-7873-4032-94FA-724EE541FA01}.Release|Any CPU.Build.0 = Release|Any CPU
		{59748D24-AFD9-4F66-A602-93278FB3F2C4}.Debug|Any CPU.ActiveCfg = Debug|Any CPU
		{59748D24-AFD9-4F66-A602-93278FB3F2C4}.Debug|Any CPU.Build.0 = Debug|Any CPU
		{59748D24-AFD9-4F66-A602-93278FB3F2C4}.Release|Any CPU.ActiveCfg = Release|Any CPU
		{59748D24-AFD9-4F66-A602-93278FB3F2C4}.Release|Any CPU.Build.0 = Release|Any CPU
		{006179DB-0314-487A-9CCC-62F9BDCFC1B4}.Debug|Any CPU.ActiveCfg = Debug|Any CPU
		{006179DB-0314-487A-9CCC-62F9BDCFC1B4}.Debug|Any CPU.Build.0 = Debug|Any CPU
		{006179DB-0314-487A-9CCC-62F9BDCFC1B4}.Release|Any CPU.ActiveCfg = Release|Any CPU
		{006179DB-0314-487A-9CCC-62F9BDCFC1B4}.Release|Any CPU.Build.0 = Release|Any CPU
	EndGlobalSection
	GlobalSection(SolutionProperties) = preSolution
		HideSolutionNode = FALSE
	EndGlobalSection
	GlobalSection(ExtensibilityGlobals) = postSolution
		SolutionGuid = {E234F7D7-D897-4159-BDB0-DEB54F7D6FC3}
	EndGlobalSection
EndGlobal
